
Microsoft Visual Studio Solution File, Format Version 12.00
# Visual Studio 14
VisualStudioVersion = 14.0.25420.1
MinimumVisualStudioVersion = 10.0.40219.1
Project("{FAE04EC0-301F-11D3-BF4B-00C04F79EFBC}") = "pollitika.com Analyzer", "pollitika.com Analyzer\pollitika.com Analyzer.csproj", "{24C08472-E6E2-48D5-97D1-EFB8599D048D}"
EndProject
Project("{2150E333-8FDC-42A3-9474-1A3956D46DE8}") = "Solution Items", "Solution Items", "{37886766-75FE-4763-960A-D0B2564289F3}"
	ProjectSection(SolutionItems) = preProject
		README.md = README.md
	EndProjectSection
EndProject
Project("{FAE04EC0-301F-11D3-BF4B-00C04F79EFBC}") = "pollitika.com Analyzer Tests", "pollitika.com Analyzer Tests\pollitika.com Analyzer Tests.csproj", "{D5B881B0-DD26-44E2-9B18-14EECB96917D}"
EndProject
Project("{FAE04EC0-301F-11D3-BF4B-00C04F79EFBC}") = "pollitika.com_Model", "pollitika.com_Model\pollitika.com_Model.csproj", "{BB0B0987-EAFC-4F02-A9AF-DEE327291DA3}"
EndProject
Project("{FAE04EC0-301F-11D3-BF4B-00C04F79EFBC}") = "pollitika.com_Data", "pollitika.com_Data\pollitika.com_Data.csproj", "{CD8B81F5-A6BE-4993-A3D7-1B303928C9BB}"
EndProject
Project("{2150E333-8FDC-42A3-9474-1A3956D46DE8}") = "Testing", "Testing", "{F73CC50F-D54A-4EA7-A787-57BE9F8E9324}"
EndProject
Project("{FAE04EC0-301F-11D3-BF4B-00C04F79EFBC}") = "TestMultithreadedQueue", "Testing\TestMultithreadedQueue\TestMultithreadedQueue.csproj", "{903B5B95-3C46-4ECE-BE9A-042F56AF818D}"
EndProject
Project("{FAE04EC0-301F-11D3-BF4B-00C04F79EFBC}") = "TestLog4net", "Testing\TestLog4net\TestLog4net.csproj", "{B546C8AE-A2DD-4A54-A9A4-AA5F7EC5F80D}"
EndProject
Global
	GlobalSection(SolutionConfigurationPlatforms) = preSolution
		Debug|Any CPU = Debug|Any CPU
		Release|Any CPU = Release|Any CPU
	EndGlobalSection
	GlobalSection(ProjectConfigurationPlatforms) = postSolution
		{24C08472-E6E2-48D5-97D1-EFB8599D048D}.Debug|Any CPU.ActiveCfg = Debug|Any CPU
		{24C08472-E6E2-48D5-97D1-EFB8599D048D}.Debug|Any CPU.Build.0 = Debug|Any CPU
		{24C08472-E6E2-48D5-97D1-EFB8599D048D}.Release|Any CPU.ActiveCfg = Release|Any CPU
		{24C08472-E6E2-48D5-97D1-EFB8599D048D}.Release|Any CPU.Build.0 = Release|Any CPU
		{D5B881B0-DD26-44E2-9B18-14EECB96917D}.Debug|Any CPU.ActiveCfg = Debug|Any CPU
		{D5B881B0-DD26-44E2-9B18-14EECB96917D}.Debug|Any CPU.Build.0 = Debug|Any CPU
		{D5B881B0-DD26-44E2-9B18-14EECB96917D}.Release|Any CPU.ActiveCfg = Release|Any CPU
		{D5B881B0-DD26-44E2-9B18-14EECB96917D}.Release|Any CPU.Build.0 = Release|Any CPU
		{BB0B0987-EAFC-4F02-A9AF-DEE327291DA3}.Debug|Any CPU.ActiveCfg = Debug|Any CPU
		{BB0B0987-EAFC-4F02-A9AF-DEE327291DA3}.Debug|Any CPU.Build.0 = Debug|Any CPU
		{BB0B0987-EAFC-4F02-A9AF-DEE327291DA3}.Release|Any CPU.ActiveCfg = Release|Any CPU
		{BB0B0987-EAFC-4F02-A9AF-DEE327291DA3}.Release|Any CPU.Build.0 = Release|Any CPU
		{CD8B81F5-A6BE-4993-A3D7-1B303928C9BB}.Debug|Any CPU.ActiveCfg = Debug|Any CPU
		{CD8B81F5-A6BE-4993-A3D7-1B303928C9BB}.Debug|Any CPU.Build.0 = Debug|Any CPU
		{CD8B81F5-A6BE-4993-A3D7-1B303928C9BB}.Release|Any CPU.ActiveCfg = Release|Any CPU
		{CD8B81F5-A6BE-4993-A3D7-1B303928C9BB}.Release|Any CPU.Build.0 = Release|Any CPU
		{903B5B95-3C46-4ECE-BE9A-042F56AF818D}.Debug|Any CPU.ActiveCfg = Debug|Any CPU
		{903B5B95-3C46-4ECE-BE9A-042F56AF818D}.Debug|Any CPU.Build.0 = Debug|Any CPU
		{903B5B95-3C46-4ECE-BE9A-042F56AF818D}.Release|Any CPU.ActiveCfg = Release|Any CPU
		{903B5B95-3C46-4ECE-BE9A-042F56AF818D}.Release|Any CPU.Build.0 = Release|Any CPU
		{B546C8AE-A2DD-4A54-A9A4-AA5F7EC5F80D}.Debug|Any CPU.ActiveCfg = Debug|Any CPU
		{B546C8AE-A2DD-4A54-A9A4-AA5F7EC5F80D}.Debug|Any CPU.Build.0 = Debug|Any CPU
		{B546C8AE-A2DD-4A54-A9A4-AA5F7EC5F80D}.Release|Any CPU.ActiveCfg = Release|Any CPU
		{B546C8AE-A2DD-4A54-A9A4-AA5F7EC5F80D}.Release|Any CPU.Build.0 = Release|Any CPU
	EndGlobalSection
	GlobalSection(SolutionProperties) = preSolution
		HideSolutionNode = FALSE
	EndGlobalSection
	GlobalSection(NestedProjects) = preSolution
		{903B5B95-3C46-4ECE-BE9A-042F56AF818D} = {F73CC50F-D54A-4EA7-A787-57BE9F8E9324}
		{B546C8AE-A2DD-4A54-A9A4-AA5F7EC5F80D} = {F73CC50F-D54A-4EA7-A787-57BE9F8E9324}
	EndGlobalSection
EndGlobal
